
Microsoft Visual Studio Solution File, Format Version 12.00
# Visual Studio 2013
VisualStudioVersion = 12.0.21005.1
MinimumVisualStudioVersion = 10.0.40219.1
Project("{2150E333-8FDC-42A3-9474-1A3956D46DE8}") = "Libs", "Libs", "{89401B5B-716E-4792-A3FE-66842BF88475}"
EndProject
Project("{2150E333-8FDC-42A3-9474-1A3956D46DE8}") = "Engine", "Engine", "{A419D65C-786A-4252-AA38-F08F7DEA38CC}"
EndProject
Project("{8BC9CEB8-8B4A-11D0-8D11-00A0C91BC942}") = "PokeEngine", "Engine\PokeEngine\PokeEngine.vcxproj", "{79AC5713-595B-4C9A-A3C4-41DFFBB9D796}"
EndProject
Project("{8BC9CEB8-8B4A-11D0-8D11-00A0C91BC942}") = "DirectXTK", "Libs\DirectXTK\DirectXTK.vcxproj", "{828DB8A3-398A-4659-BB1B-8CAD4F83FBC0}"
EndProject
Project("{8BC9CEB8-8B4A-11D0-8D11-00A0C91BC942}") = "d3dx11effect", "Libs\d3dx11effect\d3dx11effect.vcxproj", "{1C768142-EB02-4E6B-B7F0-6075F2BF2368}"
EndProject
Project("{8BC9CEB8-8B4A-11D0-8D11-00A0C91BC942}") = "libMath", "Libs\libMath\libMath.vcxproj", "{53105483-FAF4-4AA4-A53D-4BAE7020D239}"
EndProject
Project("{8BC9CEB8-8B4A-11D0-8D11-00A0C91BC942}") = "Common", "Engine\Common\Common.vcxproj", "{1A374A2E-C7AB-40D6-B98B-661C28F91F1A}"
EndProject
Project("{8BC9CEB8-8B4A-11D0-8D11-00A0C91BC942}") = "OpenALFramework", "Libs\OpenALFramework\OpenALFramework.vcxproj", "{EA4D5209-BE58-472D-B0FF-867329104A26}"
EndProject
Global
	GlobalSection(SolutionConfigurationPlatforms) = preSolution
		Debug|Win32 = Debug|Win32
		Release|Win32 = Release|Win32
	EndGlobalSection
	GlobalSection(ProjectConfigurationPlatforms) = postSolution
		{79AC5713-595B-4C9A-A3C4-41DFFBB9D796}.Debug|Win32.ActiveCfg = Debug|Win32
		{79AC5713-595B-4C9A-A3C4-41DFFBB9D796}.Debug|Win32.Build.0 = Debug|Win32
		{79AC5713-595B-4C9A-A3C4-41DFFBB9D796}.Release|Win32.ActiveCfg = Release|Win32
		{79AC5713-595B-4C9A-A3C4-41DFFBB9D796}.Release|Win32.Build.0 = Release|Win32
		{828DB8A3-398A-4659-BB1B-8CAD4F83FBC0}.Debug|Win32.ActiveCfg = Debug|Win32
		{828DB8A3-398A-4659-BB1B-8CAD4F83FBC0}.Debug|Win32.Build.0 = Debug|Win32
		{828DB8A3-398A-4659-BB1B-8CAD4F83FBC0}.Release|Win32.ActiveCfg = Release|Win32
		{828DB8A3-398A-4659-BB1B-8CAD4F83FBC0}.Release|Win32.Build.0 = Release|Win32
		{1C768142-EB02-4E6B-B7F0-6075F2BF2368}.Debug|Win32.ActiveCfg = Debug|Win32
		{1C768142-EB02-4E6B-B7F0-6075F2BF2368}.Debug|Win32.Build.0 = Debug|Win32
		{1C768142-EB02-4E6B-B7F0-6075F2BF2368}.Release|Win32.ActiveCfg = Release|Win32
		{1C768142-EB02-4E6B-B7F0-6075F2BF2368}.Release|Win32.Build.0 = Release|Win32
		{53105483-FAF4-4AA4-A53D-4BAE7020D239}.Debug|Win32.ActiveCfg = Debug|Win32
		{53105483-FAF4-4AA4-A53D-4BAE7020D239}.Debug|Win32.Build.0 = Debug|Win32
		{53105483-FAF4-4AA4-A53D-4BAE7020D239}.Release|Win32.ActiveCfg = Release|Win32
		{53105483-FAF4-4AA4-A53D-4BAE7020D239}.Release|Win32.Build.0 = Release|Win32
		{1A374A2E-C7AB-40D6-B98B-661C28F91F1A}.Debug|Win32.ActiveCfg = Debug|Win32
		{1A374A2E-C7AB-40D6-B98B-661C28F91F1A}.Debug|Win32.Build.0 = Debug|Win32
		{1A374A2E-C7AB-40D6-B98B-661C28F91F1A}.Release|Win32.ActiveCfg = Release|Win32
		{1A374A2E-C7AB-40D6-B98B-661C28F91F1A}.Release|Win32.Build.0 = Release|Win32
		{EA4D5209-BE58-472D-B0FF-867329104A26}.Debug|Win32.ActiveCfg = Debug|Win32
		{EA4D5209-BE58-472D-B0FF-867329104A26}.Debug|Win32.Build.0 = Debug|Win32
		{EA4D5209-BE58-472D-B0FF-867329104A26}.Release|Win32.ActiveCfg = Release|Win32
		{EA4D5209-BE58-472D-B0FF-867329104A26}.Release|Win32.Build.0 = Release|Win32
	EndGlobalSection
	GlobalSection(SolutionProperties) = preSolution
		HideSolutionNode = FALSE
	EndGlobalSection
	GlobalSection(NestedProjects) = preSolution
		{828DB8A3-398A-4659-BB1B-8CAD4F83FBC0} = {89401B5B-716E-4792-A3FE-66842BF88475}
		{1C768142-EB02-4E6B-B7F0-6075F2BF2368} = {89401B5B-716E-4792-A3FE-66842BF88475}
		{53105483-FAF4-4AA4-A53D-4BAE7020D239} = {89401B5B-716E-4792-A3FE-66842BF88475}
		{EA4D5209-BE58-472D-B0FF-867329104A26} = {89401B5B-716E-4792-A3FE-66842BF88475}
		{79AC5713-595B-4C9A-A3C4-41DFFBB9D796} = {A419D65C-786A-4252-AA38-F08F7DEA38CC}
		{1A374A2E-C7AB-40D6-B98B-661C28F91F1A} = {A419D65C-786A-4252-AA38-F08F7DEA38CC}
	EndGlobalSection
EndGlobal
