<?xml version="1.0" encoding="utf-8"?>
<Project ToolsVersion="4.0" xmlns="http://schemas.microsoft.com/developer/msbuild/2003">
  <ItemGroup>
    <ClCompile Include="MathUtility.cpp" />
    <ClCompile Include="Matrix44.cpp" />
    <ClCompile Include="Vector2.cpp" />
    <ClCompile Include="Vector3.cpp" />
    <ClCompile Include="Vector4.cpp" />
  </ItemGroup>
  <ItemGroup>
    <ClInclude Include="MathUtility.h" />
    <ClInclude Include="Matrix44.h" />
    <ClInclude Include="Quaternion.h" />
    <ClInclude Include="Vector2.h" />
    <ClInclude Include="Vector3.h" />
    <ClInclude Include="Vector4.h" />
  </ItemGroup>
</Project>